{
  "name": "form-create-sharing",
  "lockfileVersion": 2,
  "requires": true,
  "packages": {
    "": {
      "dependencies": {
        "@form-create/ant-design-vue": "^3.1.5"
      }
    },
    "node_modules/@form-create/ant-design-vue": {
      "version": "3.1.5",
      "resolved": "https://registry.npmjs.org/@form-create/ant-design-vue/-/ant-design-vue-3.1.5.tgz",
      "integrity": "sha512-8qFeulTshoM0gFqp+hOU/TvwCc1DYSFA+srobhpRStWLOT4kEg5Erc0inhVWVj/Lnuj2I4wQgc6UpsdR7QCH0A==",
      "dependencies": {
        "@form-create/component-antdv-frame": "^3.1.3",
        "@form-create/component-antdv-group": "^3.1.5",
        "@form-create/component-antdv-upload": "^3.1.3",
        "@form-create/component-subform": "^3.1.5",
        "@form-create/core": "^3.1.5",
        "@form-create/utils": "^3.1.3"
      }
    },
    "node_modules/@form-create/component-antdv-frame": {
      "version": "3.1.3",
      "resolved": "https://registry.npmjs.org/@form-create/component-antdv-frame/-/component-antdv-frame-3.1.3.tgz",
      "integrity": "sha512-8zgEgWkfs2gio3hT1u1j+sUf95mh7YulLBN+LfR+Jcwp8mE/A80/X8B/BfJwnGuDTQklr9kRraIbBFP83IxvlA==",
      "dependencies": {
        "@form-create/utils": "^3.1.3"
      }
    },
    "node_modules/@form-create/component-antdv-group": {
      "version": "3.1.5",
      "resolved": "https://registry.npmjs.org/@form-create/component-antdv-group/-/component-antdv-group-3.1.5.tgz",
      "integrity": "sha512-3SI0LYSlJbbMTAQnh7NCBJUn5G64G0cJR16QLLtrhjYJYKT8g+zCJ/qdX/OIo3q5gkidG6pnOF5QjFwm9hAL9Q==",
      "dependencies": {
        "@form-create/utils": "^3.1.3"
      }
    },
    "node_modules/@form-create/component-antdv-upload": {
      "version": "3.1.3",
      "resolved": "https://registry.npmjs.org/@form-create/component-antdv-upload/-/component-antdv-upload-3.1.3.tgz",
      "integrity": "sha512-FPCvFqcyhS087jT8n0mIPblQ8dohDM7qE5RJ4V3fAb6d2tsXLJJHUPx8JSNI/qjJHlEhXdkSEiVMydtH7qgLPg==",
      "dependencies": {
        "@form-create/utils": "^3.1.3"
      }
    },
    "node_modules/@form-create/component-subform": {
      "version": "3.1.5",
      "resolved": "https://registry.npmjs.org/@form-create/component-subform/-/component-subform-3.1.5.tgz",
      "integrity": "sha512-JHNEFGuwpnjGvCJ0I0GCqPL5al0qXoN4ymnRBpm+oL+6MMo5bz1kUyoqMX1MutuC96gHTqpeqc67hssi8g2mIw=="
    },
    "node_modules/@form-create/core": {
      "version": "3.1.5",
      "resolved": "https://registry.npmjs.org/@form-create/core/-/core-3.1.5.tgz",
      "integrity": "sha512-GRVNMwt5mDSeDwQnEmbAncGh+m+9eEfFktsjOA5+teDUPDuTRxj5/mM2cxSeXjnGlm0gVU4DGq6go+0e4MYzVA==",
      "dependencies": {
        "@form-create/utils": "^3.1.3"
      }
    },
    "node_modules/@form-create/utils": {
      "version": "3.1.3",
      "resolved": "https://registry.npmjs.org/@form-create/utils/-/utils-3.1.3.tgz",
      "integrity": "sha512-zrOFUSeBIT9+qyEZ1SNnzU8bRI3dejFUT99orJDjPNvYdBYe6gj38t6WVonC5fdBozO5qeHqGmy8YNKFC/g77g=="
    }
  },
  "dependencies": {
    "@form-create/ant-design-vue": {
      "version": "3.1.5",
      "resolved": "https://registry.npmjs.org/@form-create/ant-design-vue/-/ant-design-vue-3.1.5.tgz",
      "integrity": "sha512-8qFeulTshoM0gFqp+hOU/TvwCc1DYSFA+srobhpRStWLOT4kEg5Erc0inhVWVj/Lnuj2I4wQgc6UpsdR7QCH0A==",
      "requires": {
        "@form-create/component-antdv-frame": "^3.1.3",
        "@form-create/component-antdv-group": "^3.1.5",
        "@form-create/component-antdv-upload": "^3.1.3",
        "@form-create/component-subform": "^3.1.5",
        "@form-create/core": "^3.1.5",
        "@form-create/utils": "^3.1.3"
      }
    },
    "@form-create/component-antdv-frame": {
      "version": "3.1.3",
      "resolved": "https://registry.npmjs.org/@form-create/component-antdv-frame/-/component-antdv-frame-3.1.3.tgz",
      "integrity": "sha512-8zgEgWkfs2gio3hT1u1j+sUf95mh7YulLBN+LfR+Jcwp8mE/A80/X8B/BfJwnGuDTQklr9kRraIbBFP83IxvlA==",
      "requires": {
        "@form-create/utils": "^3.1.3"
      }
    },
    "@form-create/component-antdv-group": {
      "version": "3.1.5",
      "resolved": "https://registry.npmjs.org/@form-create/component-antdv-group/-/component-antdv-group-3.1.5.tgz",
      "integrity": "sha512-3SI0LYSlJbbMTAQnh7NCBJUn5G64G0cJR16QLLtrhjYJYKT8g+zCJ/qdX/OIo3q5gkidG6pnOF5QjFwm9hAL9Q==",
      "requires": {
        "@form-create/utils": "^3.1.3"
      }
    },
    "@form-create/component-antdv-upload": {
      "version": "3.1.3",
      "resolved": "https://registry.npmjs.org/@form-create/component-antdv-upload/-/component-antdv-upload-3.1.3.tgz",
      "integrity": "sha512-FPCvFqcyhS087jT8n0mIPblQ8dohDM7qE5RJ4V3fAb6d2tsXLJJHUPx8JSNI/qjJHlEhXdkSEiVMydtH7qgLPg==",
      "requires": {
        "@form-create/utils": "^3.1.3"
      }
    },
    "@form-create/component-subform": {
      "version": "3.1.5",
      "resolved": "https://registry.npmjs.org/@form-create/component-subform/-/component-subform-3.1.5.tgz",
      "integrity": "sha512-JHNEFGuwpnjGvCJ0I0GCqPL5al0qXoN4ymnRBpm+oL+6MMo5bz1kUyoqMX1MutuC96gHTqpeqc67hssi8g2mIw=="
    },
    "@form-create/core": {
      "version": "3.1.5",
      "resolved": "https://registry.npmjs.org/@form-create/core/-/core-3.1.5.tgz",
      "integrity": "sha512-GRVNMwt5mDSeDwQnEmbAncGh+m+9eEfFktsjOA5+teDUPDuTRxj5/mM2cxSeXjnGlm0gVU4DGq6go+0e4MYzVA==",
      "requires": {
        "@form-create/utils": "^3.1.3"
      }
    },
    "@form-create/utils": {
      "version": "3.1.3",
      "resolved": "https://registry.npmjs.org/@form-create/utils/-/utils-3.1.3.tgz",
      "integrity": "sha512-zrOFUSeBIT9+qyEZ1SNnzU8bRI3dejFUT99orJDjPNvYdBYe6gj38t6WVonC5fdBozO5qeHqGmy8YNKFC/g77g=="
    }
  }
}
